
Microsoft Visual Studio Solution File, Format Version 12.00
# Visual Studio Version 16
VisualStudioVersion = 16.0.30503.244
MinimumVisualStudioVersion = 10.0.40219.1
Project("{9A19103F-16F7-4668-BE54-9A1E7A4F7556}") = "ParkyAPI", "ParkyAPI\ParkyAPI.csproj", "{CC63060E-C68A-4B17-80CD-6F91C4A766FE}"
EndProject
Global
	GlobalSection(SolutionConfigurationPlatforms) = preSolution
		Debug|Any CPU = Debug|Any CPU
		Release|Any CPU = Release|Any CPU
	EndGlobalSection
	GlobalSection(ProjectConfigurationPlatforms) = postSolution
		{CC63060E-C68A-4B17-80CD-6F91C4A766FE}.Debug|Any CPU.ActiveCfg = Debug|Any CPU
		{CC63060E-C68A-4B17-80CD-6F91C4A766FE}.Debug|Any CPU.Build.0 = Debug|Any CPU
		{CC63060E-C68A-4B17-80CD-6F91C4A766FE}.Release|Any CPU.ActiveCfg = Release|Any CPU
		{CC63060E-C68A-4B17-80CD-6F91C4A766FE}.Release|Any CPU.Build.0 = Release|Any CPU
	EndGlobalSection
	GlobalSection(SolutionProperties) = preSolution
		HideSolutionNode = FALSE
	EndGlobalSection
	GlobalSection(ExtensibilityGlobals) = postSolution
		SolutionGuid = {A7BB047B-6368-4452-A3C2-06C773CA97B7}
	EndGlobalSection
EndGlobal
